// !$*UTF8*$!
{
	archiveVersion = 1;
	classes = {
	};
	objectVersion = 55;
	objects = {

/* Begin PBXBuildFile section */
		F40592F327C9117E002E70D5 /* CoreDataClass.swift in Sources */ = {isa = PBXBuildFile; fileRef = F40592F227C9117E002E70D5 /* CoreDataClass.swift */; };
		F40592F527C92494002E70D5 /* ReminderClass.swift in Sources */ = {isa = PBXBuildFile; fileRef = F40592F427C92494002E70D5 /* ReminderClass.swift */; };
		F408241927CEAE6F00895669 /* font1.otf in Resources */ = {isa = PBXBuildFile; fileRef = F408241227CEAE6F00895669 /* font1.otf */; };
		F408241A27CEAE6F00895669 /* font6.otf in Resources */ = {isa = PBXBuildFile; fileRef = F408241327CEAE6F00895669 /* font6.otf */; };
		F408241B27CEAE6F00895669 /* font3.otf in Resources */ = {isa = PBXBuildFile; fileRef = F408241427CEAE6F00895669 /* font3.otf */; };
		F408241C27CEAE6F00895669 /* font7.otf in Resources */ = {isa = PBXBuildFile; fileRef = F408241527CEAE6F00895669 /* font7.otf */; };
		F408241D27CEAE6F00895669 /* font2.otf in Resources */ = {isa = PBXBuildFile; fileRef = F408241627CEAE6F00895669 /* font2.otf */; };
		F408241E27CEAE6F00895669 /* font5.otf in Resources */ = {isa = PBXBuildFile; fileRef = F408241727CEAE6F00895669 /* font5.otf */; };
		F408241F27CEAE6F00895669 /* font4.otf in Resources */ = {isa = PBXBuildFile; fileRef = F408241827CEAE6F00895669 /* font4.otf */; };
		F4A671F927C6B8C00060DEF0 /* MainCollectionViewCell.swift in Sources */ = {isa = PBXBuildFile; fileRef = F4A671F827C6B8C00060DEF0 /* MainCollectionViewCell.swift */; };
		F4DA408427C56D72006F8964 /* AppDelegate.swift in Sources */ = {isa = PBXBuildFile; fileRef = F4DA408327C56D72006F8964 /* AppDelegate.swift */; };
		F4DA408627C56D72006F8964 /* SceneDelegate.swift in Sources */ = {isa = PBXBuildFile; fileRef = F4DA408527C56D72006F8964 /* SceneDelegate.swift */; };
		F4DA408827C56D72006F8964 /* ViewController.swift in Sources */ = {isa = PBXBuildFile; fileRef = F4DA408727C56D72006F8964 /* ViewController.swift */; };
		F4DA408B27C56D72006F8964 /* Main.storyboard in Resources */ = {isa = PBXBuildFile; fileRef = F4DA408927C56D72006F8964 /* Main.storyboard */; };
		F4DA408E27C56D72006F8964 /* Birthday_Reminder.xcdatamodeld in Sources */ = {isa = PBXBuildFile; fileRef = F4DA408C27C56D72006F8964 /* Birthday_Reminder.xcdatamodeld */; };
		F4DA409027C56D72006F8964 /* Assets.xcassets in Resources */ = {isa = PBXBuildFile; fileRef = F4DA408F27C56D72006F8964 /* Assets.xcassets */; };
		F4DA409327C56D72006F8964 /* LaunchScreen.storyboard in Resources */ = {isa = PBXBuildFile; fileRef = F4DA409127C56D72006F8964 /* LaunchScreen.storyboard */; };
		F4DA409E27C5728E006F8964 /* CreateViewController.swift in Sources */ = {isa = PBXBuildFile; fileRef = F4DA409D27C5728E006F8964 /* CreateViewController.swift */; };
		F6D45C72327B7B44AFA7E7B9 /* Pods_Birthday_Reminder.framework in Frameworks */ = {isa = PBXBuildFile; fileRef = 188006D566A782BA138941DD /* Pods_Birthday_Reminder.framework */; };
/* End PBXBuildFile section */

/* Begin PBXFileReference section */
		02477CCCD612400BC5683E6F /* Pods-Birthday Reminder.release.xcconfig */ = {isa = PBXFileReference; includeInIndex = 1; lastKnownFileType = text.xcconfig; name = "Pods-Birthday Reminder.release.xcconfig"; path = "Target Support Files/Pods-Birthday Reminder/Pods-Birthday Reminder.release.xcconfig"; sourceTree = "<group>"; };
		188006D566A782BA138941DD /* Pods_Birthday_Reminder.framework */ = {isa = PBXFileReference; explicitFileType = wrapper.framework; includeInIndex = 0; path = Pods_Birthday_Reminder.framework; sourceTree = BUILT_PRODUCTS_DIR; };
		A544DCDD793B5BB7F4C517AB /* Pods-Birthday Reminder.debug.xcconfig */ = {isa = PBXFileReference; includeInIndex = 1; lastKnownFileType = text.xcconfig; name = "Pods-Birthday Reminder.debug.xcconfig"; path = "Target Support Files/Pods-Birthday Reminder/Pods-Birthday Reminder.debug.xcconfig"; sourceTree = "<group>"; };
		F40592F227C9117E002E70D5 /* CoreDataClass.swift */ = {isa = PBXFileReference; lastKnownFileType = sourcecode.swift; path = CoreDataClass.swift; sourceTree = "<group>"; };
		F40592F427C92494002E70D5 /* ReminderClass.swift */ = {isa = PBXFileReference; lastKnownFileType = sourcecode.swift; path = ReminderClass.swift; sourceTree = "<group>"; };
		F408241227CEAE6F00895669 /* font1.otf */ = {isa = PBXFileReference; lastKnownFileType = file; name = font1.otf; path = "../../../../Documents/Untitled/Birthday Reminder/Fonts/font1.otf"; sourceTree = "<group>"; };
		F408241327CEAE6F00895669 /* font6.otf */ = {isa = PBXFileReference; lastKnownFileType = file; name = font6.otf; path = "../../../../Documents/Untitled/Birthday Reminder/Fonts/font6.otf"; sourceTree = "<group>"; };
		F408241427CEAE6F00895669 /* font3.otf */ = {isa = PBXFileReference; lastKnownFileType = file; name = font3.otf; path = "../../../../Documents/Untitled/Birthday Reminder/Fonts/font3.otf"; sourceTree = "<group>"; };
		F408241527CEAE6F00895669 /* font7.otf */ = {isa = PBXFileReference; lastKnownFileType = file; name = font7.otf; path = "../../../../Documents/Untitled/Birthday Reminder/Fonts/font7.otf"; sourceTree = "<group>"; };
		F408241627CEAE6F00895669 /* font2.otf */ = {isa = PBXFileReference; lastKnownFileType = file; name = font2.otf; path = "../../../../Documents/Untitled/Birthday Reminder/Fonts/font2.otf"; sourceTree = "<group>"; };
		F408241727CEAE6F00895669 /* font5.otf */ = {isa = PBXFileReference; lastKnownFileType = file; name = font5.otf; path = "../../../../Documents/Untitled/Birthday Reminder/Fonts/font5.otf"; sourceTree = "<group>"; };
		F408241827CEAE6F00895669 /* font4.otf */ = {isa = PBXFileReference; lastKnownFileType = file; name = font4.otf; path = "../../../../Documents/Untitled/Birthday Reminder/Fonts/font4.otf"; sourceTree = "<group>"; };
		F4A671F827C6B8C00060DEF0 /* MainCollectionViewCell.swift */ = {isa = PBXFileReference; lastKnownFileType = sourcecode.swift; path = MainCollectionViewCell.swift; sourceTree = "<group>"; };
		F4DA408027C56D72006F8964 /* Birthday Reminder.app */ = {isa = PBXFileReference; explicitFileType = wrapper.application; includeInIndex = 0; path = "Birthday Reminder.app"; sourceTree = BUILT_PRODUCTS_DIR; };
		F4DA408327C56D72006F8964 /* AppDelegate.swift */ = {isa = PBXFileReference; lastKnownFileType = sourcecode.swift; path = AppDelegate.swift; sourceTree = "<group>"; };
		F4DA408527C56D72006F8964 /* SceneDelegate.swift */ = {isa = PBXFileReference; lastKnownFileType = sourcecode.swift; path = SceneDelegate.swift; sourceTree = "<group>"; };
		F4DA408727C56D72006F8964 /* ViewController.swift */ = {isa = PBXFileReference; lastKnownFileType = sourcecode.swift; path = ViewController.swift; sourceTree = "<group>"; };
		F4DA408A27C56D72006F8964 /* Base */ = {isa = PBXFileReference; lastKnownFileType = file.storyboard; name = Base; path = Base.lproj/Main.storyboard; sourceTree = "<group>"; };
		F4DA408D27C56D72006F8964 /* Birthday_Reminder.xcdatamodel */ = {isa = PBXFileReference; lastKnownFileType = wrapper.xcdatamodel; path = Birthday_Reminder.xcdatamodel; sourceTree = "<group>"; };
		F4DA408F27C56D72006F8964 /* Assets.xcassets */ = {isa = PBXFileReference; lastKnownFileType = folder.assetcatalog; path = Assets.xcassets; sourceTree = "<group>"; };
		F4DA409227C56D72006F8964 /* Base */ = {isa = PBXFileReference; lastKnownFileType = file.storyboard; name = Base; path = Base.lproj/LaunchScreen.storyboard; sourceTree = "<group>"; };
		F4DA409427C56D72006F8964 /* Info.plist */ = {isa = PBXFileReference; lastKnownFileType = text.plist.xml; path = Info.plist; sourceTree = "<group>"; };
		F4DA409D27C5728E006F8964 /* CreateViewController.swift */ = {isa = PBXFileReference; lastKnownFileType = sourcecode.swift; path = CreateViewController.swift; sourceTree = "<group>"; };
/* End PBXFileReference section */

/* Begin PBXFrameworksBuildPhase section */
		F4DA407D27C56D72006F8964 /* Frameworks */ = {
			isa = PBXFrameworksBuildPhase;
			buildActionMask = 2147483647;
			files = (
				F6D45C72327B7B44AFA7E7B9 /* Pods_Birthday_Reminder.framework in Frameworks */,
			);
			runOnlyForDeploymentPostprocessing = 0;
		};
/* End PBXFrameworksBuildPhase section */

/* Begin PBXGroup section */
		5F1E1A01B4A7FEF85A6D552A /* Frameworks */ = {
			isa = PBXGroup;
			children = (
				188006D566A782BA138941DD /* Pods_Birthday_Reminder.framework */,
			);
			name = Frameworks;
			sourceTree = "<group>";
		};
		929523C46B8BAD7DE958A534 /* Pods */ = {
			isa = PBXGroup;
			children = (
				A544DCDD793B5BB7F4C517AB /* Pods-Birthday Reminder.debug.xcconfig */,
				02477CCCD612400BC5683E6F /* Pods-Birthday Reminder.release.xcconfig */,
			);
			path = Pods;
			sourceTree = "<group>";
		};
		F40592F127C91152002E70D5 /* Class */ = {
			isa = PBXGroup;
			children = (
				F40592F227C9117E002E70D5 /* CoreDataClass.swift */,
				F40592F427C92494002E70D5 /* ReminderClass.swift */,
			);
			path = Class;
			sourceTree = "<group>";
		};
		F4A671F527C6B85C0060DEF0 /* Cells */ = {
			isa = PBXGroup;
			children = (
				F4A671F827C6B8C00060DEF0 /* MainCollectionViewCell.swift */,
			);
			path = Cells;
			sourceTree = "<group>";
		};
		F4DA407727C56D72006F8964 = {
			isa = PBXGroup;
			children = (
				F4DA408227C56D72006F8964 /* Birthday Reminder */,
				F4DA408127C56D72006F8964 /* Products */,
				929523C46B8BAD7DE958A534 /* Pods */,
				5F1E1A01B4A7FEF85A6D552A /* Frameworks */,
			);
			sourceTree = "<group>";
		};
		F4DA408127C56D72006F8964 /* Products */ = {
			isa = PBXGroup;
			children = (
				F4DA408027C56D72006F8964 /* Birthday Reminder.app */,
			);
			name = Products;
			sourceTree = "<group>";
		};
		F4DA408227C56D72006F8964 /* Birthday Reminder */ = {
			isa = PBXGroup;
			children = (
				F40592F127C91152002E70D5 /* Class */,
				F4A671F527C6B85C0060DEF0 /* Cells */,
				F4DA40A127C57699006F8964 /* Fonts */,
				F4DA409C27C56FF2006F8964 /* Support Files */,
				F4DA409A27C56FD5006F8964 /* Controller */,
				F4DA409B27C56FDF006F8964 /* View */,
				F4DA408F27C56D72006F8964 /* Assets.xcassets */,
				F4DA409427C56D72006F8964 /* Info.plist */,
				F4DA408C27C56D72006F8964 /* Birthday_Reminder.xcdatamodeld */,
			);
			path = "Birthday Reminder";
			sourceTree = "<group>";
		};
		F4DA409A27C56FD5006F8964 /* Controller */ = {
			isa = PBXGroup;
			children = (
				F4DA408727C56D72006F8964 /* ViewController.swift */,
				F4DA409D27C5728E006F8964 /* CreateViewController.swift */,
			);
			path = Controller;
			sourceTree = "<group>";
		};
		F4DA409B27C56FDF006F8964 /* View */ = {
			isa = PBXGroup;
			children = (
				F4DA408927C56D72006F8964 /* Main.storyboard */,
				F4DA409127C56D72006F8964 /* LaunchScreen.storyboard */,
			);
			path = View;
			sourceTree = "<group>";
		};
		F4DA409C27C56FF2006F8964 /* Support Files */ = {
			isa = PBXGroup;
			children = (
				F4DA408327C56D72006F8964 /* AppDelegate.swift */,
				F4DA408527C56D72006F8964 /* SceneDelegate.swift */,
			);
			path = "Support Files";
			sourceTree = "<group>";
		};
		F4DA40A127C57699006F8964 /* Fonts */ = {
			isa = PBXGroup;
			children = (
				F408241227CEAE6F00895669 /* font1.otf */,
				F408241627CEAE6F00895669 /* font2.otf */,
				F408241427CEAE6F00895669 /* font3.otf */,
				F408241827CEAE6F00895669 /* font4.otf */,
				F408241727CEAE6F00895669 /* font5.otf */,
				F408241327CEAE6F00895669 /* font6.otf */,
				F408241527CEAE6F00895669 /* font7.otf */,
			);
			path = Fonts;
			sourceTree = "<group>";
		};
/* End PBXGroup section */

/* Begin PBXNativeTarget section */
		F4DA407F27C56D72006F8964 /* Birthday Reminder */ = {
			isa = PBXNativeTarget;
			buildConfigurationList = F4DA409727C56D72006F8964 /* Build configuration list for PBXNativeTarget "Birthday Reminder" */;
			buildPhases = (
				359D6320F7136C93ABBFF950 /* [CP] Check Pods Manifest.lock */,
				F4DA407C27C56D72006F8964 /* Sources */,
				F4DA407D27C56D72006F8964 /* Frameworks */,
				F4DA407E27C56D72006F8964 /* Resources */,
				6EED058BF1A5094ECD0D3784 /* [CP] Embed Pods Frameworks */,
			);
			buildRules = (
			);
			dependencies = (
			);
			name = "Birthday Reminder";
			productName = "Birthday Reminder";
			productReference = F4DA408027C56D72006F8964 /* Birthday Reminder.app */;
			productType = "com.apple.product-type.application";
		};
/* End PBXNativeTarget section */

/* Begin PBXProject section */
		F4DA407827C56D72006F8964 /* Project object */ = {
			isa = PBXProject;
			attributes = {
				BuildIndependentTargetsInParallel = 1;
				LastSwiftUpdateCheck = 1320;
				LastUpgradeCheck = 1320;
				TargetAttributes = {
					F4DA407F27C56D72006F8964 = {
						CreatedOnToolsVersion = 13.2.1;
					};
				};
			};
			buildConfigurationList = F4DA407B27C56D72006F8964 /* Build configuration list for PBXProject "Birthday Reminder" */;
			compatibilityVersion = "Xcode 13.0";
			developmentRegion = en;
			hasScannedForEncodings = 0;
			knownRegions = (
				en,
				Base,
			);
			mainGroup = F4DA407727C56D72006F8964;
			productRefGroup = F4DA408127C56D72006F8964 /* Products */;
			projectDirPath = "";
			projectRoot = "";
			targets = (
				F4DA407F27C56D72006F8964 /* Birthday Reminder */,
			);
		};
/* End PBXProject section */

/* Begin PBXResourcesBuildPhase section */
		F4DA407E27C56D72006F8964 /* Resources */ = {
			isa = PBXResourcesBuildPhase;
			buildActionMask = 2147483647;
			files = (
				F408241B27CEAE6F00895669 /* font3.otf in Resources */,
				F408241D27CEAE6F00895669 /* font2.otf in Resources */,
				F408241927CEAE6F00895669 /* font1.otf in Resources */,
				F408241F27CEAE6F00895669 /* font4.otf in Resources */,
				F408241E27CEAE6F00895669 /* font5.otf in Resources */,
				F408241C27CEAE6F00895669 /* font7.otf in Resources */,
				F4DA409327C56D72006F8964 /* LaunchScreen.storyboard in Resources */,
				F4DA409027C56D72006F8964 /* Assets.xcassets in Resources */,
				F4DA408B27C56D72006F8964 /* Main.storyboard in Resources */,
				F408241A27CEAE6F00895669 /* font6.otf in Resources */,
			);
			runOnlyForDeploymentPostprocessing = 0;
		};
/* End PBXResourcesBuildPhase section */

/* Begin PBXShellScriptBuildPhase section */
		359D6320F7136C93ABBFF950 /* [CP] Check Pods Manifest.lock */ = {
			isa = PBXShellScriptBuildPhase;
			buildActionMask = 2147483647;
			files = (
			);
			inputFileListPaths = (
			);
			inputPaths = (
				"${PODS_PODFILE_DIR_PATH}/Podfile.lock",
				"${PODS_ROOT}/Manifest.lock",
			);
			name = "[CP] Check Pods Manifest.lock";
			outputFileListPaths = (
			);
			outputPaths = (
				"$(DERIVED_FILE_DIR)/Pods-Birthday Reminder-checkManifestLockResult.txt",
			);
			runOnlyForDeploymentPostprocessing = 0;
			shellPath = /bin/sh;
			shellScript = "diff \"${PODS_PODFILE_DIR_PATH}/Podfile.lock\" \"${PODS_ROOT}/Manifest.lock\" > /dev/null\nif [ $? != 0 ] ; then\n    # print error to STDERR\n    echo \"error: The sandbox is not in sync with the Podfile.lock. Run 'pod install' or update your CocoaPods installation.\" >&2\n    exit 1\nfi\n# This output is used by Xcode 'outputs' to avoid re-running this script phase.\necho \"SUCCESS\" > \"${SCRIPT_OUTPUT_FILE_0}\"\n";
			showEnvVarsInLog = 0;
		};
		6EED058BF1A5094ECD0D3784 /* [CP] Embed Pods Frameworks */ = {
			isa = PBXShellScriptBuildPhase;
			buildActionMask = 2147483647;
			files = (
			);
			inputFileListPaths = (
				"${PODS_ROOT}/Target Support Files/Pods-Birthday Reminder/Pods-Birthday Reminder-frameworks-${CONFIGURATION}-input-files.xcfilelist",
			);
			name = "[CP] Embed Pods Frameworks";
			outputFileListPaths = (
				"${PODS_ROOT}/Target Support Files/Pods-Birthday Reminder/Pods-Birthday Reminder-frameworks-${CONFIGURATION}-output-files.xcfilelist",
			);
			runOnlyForDeploymentPostprocessing = 0;
			shellPath = /bin/sh;
			shellScript = "\"${PODS_ROOT}/Target Support Files/Pods-Birthday Reminder/Pods-Birthday Reminder-frameworks.sh\"\n";
			showEnvVarsInLog = 0;
		};
/* End PBXShellScriptBuildPhase section */

/* Begin PBXSourcesBuildPhase section */
		F4DA407C27C56D72006F8964 /* Sources */ = {
			isa = PBXSourcesBuildPhase;
			buildActionMask = 2147483647;
			files = (
				F4A671F927C6B8C00060DEF0 /* MainCollectionViewCell.swift in Sources */,
				F4DA409E27C5728E006F8964 /* CreateViewController.swift in Sources */,
				F40592F527C92494002E70D5 /* ReminderClass.swift in Sources */,
				F4DA408827C56D72006F8964 /* ViewController.swift in Sources */,
				F4DA408427C56D72006F8964 /* AppDelegate.swift in Sources */,
				F4DA408E27C56D72006F8964 /* Birthday_Reminder.xcdatamodeld in Sources */,
				F4DA408627C56D72006F8964 /* SceneDelegate.swift in Sources */,
				F40592F327C9117E002E70D5 /* CoreDataClass.swift in Sources */,
			);
			runOnlyForDeploymentPostprocessing = 0;
		};
/* End PBXSourcesBuildPhase section */

/* Begin PBXVariantGroup section */
		F4DA408927C56D72006F8964 /* Main.storyboard */ = {
			isa = PBXVariantGroup;
			children = (
				F4DA408A27C56D72006F8964 /* Base */,
			);
			name = Main.storyboard;
			sourceTree = "<group>";
		};
		F4DA409127C56D72006F8964 /* LaunchScreen.storyboard */ = {
			isa = PBXVariantGroup;
			children = (
				F4DA409227C56D72006F8964 /* Base */,
			);
			name = LaunchScreen.storyboard;
			sourceTree = "<group>";
		};
/* End PBXVariantGroup section */

/* Begin XCBuildConfiguration section */
		F4DA409527C56D72006F8964 /* Debug */ = {
			isa = XCBuildConfiguration;
			buildSettings = {
				ALWAYS_SEARCH_USER_PATHS = NO;
				CLANG_ANALYZER_NONNULL = YES;
				CLANG_ANALYZER_NUMBER_OBJECT_CONVERSION = YES_AGGRESSIVE;
				CLANG_CXX_LANGUAGE_STANDARD = "gnu++17";
				CLANG_CXX_LIBRARY = "libc++";
				CLANG_ENABLE_MODULES = YES;
				CLANG_ENABLE_OBJC_ARC = YES;
				CLANG_ENABLE_OBJC_WEAK = YES;
				CLANG_WARN_BLOCK_CAPTURE_AUTORELEASING = YES;
				CLANG_WARN_BOOL_CONVERSION = YES;
				CLANG_WARN_COMMA = YES;
				CLANG_WARN_CONSTANT_CONVERSION = YES;
				CLANG_WARN_DEPRECATED_OBJC_IMPLEMENTATIONS = YES;
				CLANG_WARN_DIRECT_OBJC_ISA_USAGE = YES_ERROR;
				CLANG_WARN_DOCUMENTATION_COMMENTS = YES;
				CLANG_WARN_EMPTY_BODY = YES;
				CLANG_WARN_ENUM_CONVERSION = YES;
				CLANG_WARN_INFINITE_RECURSION = YES;
				CLANG_WARN_INT_CONVERSION = YES;
				CLANG_WARN_NON_LITERAL_NULL_CONVERSION = YES;
				CLANG_WARN_OBJC_IMPLICIT_RETAIN_SELF = YES;
				CLANG_WARN_OBJC_LITERAL_CONVERSION = YES;
				CLANG_WARN_OBJC_ROOT_CLASS = YES_ERROR;
				CLANG_WARN_QUOTED_INCLUDE_IN_FRAMEWORK_HEADER = YES;
				CLANG_WARN_RANGE_LOOP_ANALYSIS = YES;
				CLANG_WARN_STRICT_PROTOTYPES = YES;
				CLANG_WARN_SUSPICIOUS_MOVE = YES;
				CLANG_WARN_UNGUARDED_AVAILABILITY = YES_AGGRESSIVE;
				CLANG_WARN_UNREACHABLE_CODE = YES;
				CLANG_WARN__DUPLICATE_METHOD_MATCH = YES;
				COPY_PHASE_STRIP = NO;
				DEBUG_INFORMATION_FORMAT = dwarf;
				ENABLE_STRICT_OBJC_MSGSEND = YES;
				ENABLE_TESTABILITY = YES;
				GCC_C_LANGUAGE_STANDARD = gnu11;
				GCC_DYNAMIC_NO_PIC = NO;
				GCC_NO_COMMON_BLOCKS = YES;
				GCC_OPTIMIZATION_LEVEL = 0;
				GCC_PREPROCESSOR_DEFINITIONS = (
					"DEBUG=1",
					"$(inherited)",
				);
				GCC_WARN_64_TO_32_BIT_CONVERSION = YES;
				GCC_WARN_ABOUT_RETURN_TYPE = YES_ERROR;
				GCC_WARN_UNDECLARED_SELECTOR = YES;
				GCC_WARN_UNINITIALIZED_AUTOS = YES_AGGRESSIVE;
				GCC_WARN_UNUSED_FUNCTION = YES;
				GCC_WARN_UNUSED_VARIABLE = YES;
				IPHONEOS_DEPLOYMENT_TARGET = 15.2;
				MTL_ENABLE_DEBUG_INFO = INCLUDE_SOURCE;
				MTL_FAST_MATH = YES;
				ONLY_ACTIVE_ARCH = YES;
				SDKROOT = iphoneos;
				SWIFT_ACTIVE_COMPILATION_CONDITIONS = DEBUG;
				SWIFT_OPTIMIZATION_LEVEL = "-Onone";
			};
			name = Debug;
		};
		F4DA409627C56D72006F8964 /* Release */ = {
			isa = XCBuildConfiguration;
			buildSettings = {
				ALWAYS_SEARCH_USER_PATHS = NO;
				CLANG_ANALYZER_NONNULL = YES;
				CLANG_ANALYZER_NUMBER_OBJECT_CONVERSION = YES_AGGRESSIVE;
				CLANG_CXX_LANGUAGE_STANDARD = "gnu++17";
				CLANG_CXX_LIBRARY = "libc++";
				CLANG_ENABLE_MODULES = YES;
				CLANG_ENABLE_OBJC_ARC = YES;
				CLANG_ENABLE_OBJC_WEAK = YES;
				CLANG_WARN_BLOCK_CAPTURE_AUTORELEASING = YES;
				CLANG_WARN_BOOL_CONVERSION = YES;
				CLANG_WARN_COMMA = YES;
				CLANG_WARN_CONSTANT_CONVERSION = YES;
				CLANG_WARN_DEPRECATED_OBJC_IMPLEMENTATIONS = YES;
				CLANG_WARN_DIRECT_OBJC_ISA_USAGE = YES_ERROR;
				CLANG_WARN_DOCUMENTATION_COMMENTS = YES;
				CLANG_WARN_EMPTY_BODY = YES;
				CLANG_WARN_ENUM_CONVERSION = YES;
				CLANG_WARN_INFINITE_RECURSION = YES;
				CLANG_WARN_INT_CONVERSION = YES;
				CLANG_WARN_NON_LITERAL_NULL_CONVERSION = YES;
				CLANG_WARN_OBJC_IMPLICIT_RETAIN_SELF = YES;
				CLANG_WARN_OBJC_LITERAL_CONVERSION = YES;
				CLANG_WARN_OBJC_ROOT_CLASS = YES_ERROR;
				CLANG_WARN_QUOTED_INCLUDE_IN_FRAMEWORK_HEADER = YES;
				CLANG_WARN_RANGE_LOOP_ANALYSIS = YES;
				CLANG_WARN_STRICT_PROTOTYPES = YES;
				CLANG_WARN_SUSPICIOUS_MOVE = YES;
				CLANG_WARN_UNGUARDED_AVAILABILITY = YES_AGGRESSIVE;
				CLANG_WARN_UNREACHABLE_CODE = YES;
				CLANG_WARN__DUPLICATE_METHOD_MATCH = YES;
				COPY_PHASE_STRIP = NO;
				DEBUG_INFORMATION_FORMAT = "dwarf-with-dsym";
				ENABLE_NS_ASSERTIONS = NO;
				ENABLE_STRICT_OBJC_MSGSEND = YES;
				GCC_C_LANGUAGE_STANDARD = gnu11;
				GCC_NO_COMMON_BLOCKS = YES;
				GCC_WARN_64_TO_32_BIT_CONVERSION = YES;
				GCC_WARN_ABOUT_RETURN_TYPE = YES_ERROR;
				GCC_WARN_UNDECLARED_SELECTOR = YES;
				GCC_WARN_UNINITIALIZED_AUTOS = YES_AGGRESSIVE;
				GCC_WARN_UNUSED_FUNCTION = YES;
				GCC_WARN_UNUSED_VARIABLE = YES;
				IPHONEOS_DEPLOYMENT_TARGET = 15.2;
				MTL_ENABLE_DEBUG_INFO = NO;
				MTL_FAST_MATH = YES;
				SDKROOT = iphoneos;
				SWIFT_COMPILATION_MODE = wholemodule;
				SWIFT_OPTIMIZATION_LEVEL = "-O";
				VALIDATE_PRODUCT = YES;
			};
			name = Release;
		};
		F4DA409827C56D72006F8964 /* Debug */ = {
			isa = XCBuildConfiguration;
			baseConfigurationReference = A544DCDD793B5BB7F4C517AB /* Pods-Birthday Reminder.debug.xcconfig */;
			buildSettings = {
				ASSETCATALOG_COMPILER_APPICON_NAME = AppIcon;
				ASSETCATALOG_COMPILER_GLOBAL_ACCENT_COLOR_NAME = AccentColor;
				CODE_SIGN_STYLE = Automatic;
				CURRENT_PROJECT_VERSION = 1;
				DEVELOPMENT_TEAM = 6RKZW66GL2;
				GENERATE_INFOPLIST_FILE = YES;
				INFOPLIST_FILE = "Birthday Reminder/Info.plist";
				INFOPLIST_KEY_UIApplicationSupportsIndirectInputEvents = YES;
				INFOPLIST_KEY_UILaunchStoryboardName = LaunchScreen;
				INFOPLIST_KEY_UIMainStoryboardFile = Main;
				INFOPLIST_KEY_UISupportedInterfaceOrientations_iPad = "UIInterfaceOrientationPortrait UIInterfaceOrientationPortraitUpsideDown UIInterfaceOrientationLandscapeLeft UIInterfaceOrientationLandscapeRight";
				INFOPLIST_KEY_UISupportedInterfaceOrientations_iPhone = "UIInterfaceOrientationPortrait UIInterfaceOrientationLandscapeLeft UIInterfaceOrientationLandscapeRight";
				IPHONEOS_DEPLOYMENT_TARGET = 15.1;
				LD_RUNPATH_SEARCH_PATHS = (
					"$(inherited)",
					"@executable_path/Frameworks",
				);
				MARKETING_VERSION = 1.0;
				PRODUCT_BUNDLE_IDENTIFIER = "com.rozerinyigit.Birthday-Reminder";
				PRODUCT_NAME = "$(TARGET_NAME)";
				SWIFT_EMIT_LOC_STRINGS = YES;
				SWIFT_VERSION = 5.0;
				TARGETED_DEVICE_FAMILY = "1,2";
			};
			name = Debug;
		};
		F4DA409927C56D72006F8964 /* Release */ = {
			isa = XCBuildConfiguration;
			baseConfigurationReference = 02477CCCD612400BC5683E6F /* Pods-Birthday Reminder.release.xcconfig */;
			buildSettings = {
				ASSETCATALOG_COMPILER_APPICON_NAME = AppIcon;
				ASSETCATALOG_COMPILER_GLOBAL_ACCENT_COLOR_NAME = AccentColor;
				CODE_SIGN_STYLE = Automatic;
				CURRENT_PROJECT_VERSION = 1;
				DEVELOPMENT_TEAM = 6RKZW66GL2;
				GENERATE_INFOPLIST_FILE = YES;
				INFOPLIST_FILE = "Birthday Reminder/Info.plist";
				INFOPLIST_KEY_UIApplicationSupportsIndirectInputEvents = YES;
				INFOPLIST_KEY_UILaunchStoryboardName = LaunchScreen;
				INFOPLIST_KEY_UIMainStoryboardFile = Main;
				INFOPLIST_KEY_UISupportedInterfaceOrientations_iPad = "UIInterfaceOrientationPortrait UIInterfaceOrientationPortraitUpsideDown UIInterfaceOrientationLandscapeLeft UIInterfaceOrientationLandscapeRight";
				INFOPLIST_KEY_UISupportedInterfaceOrientations_iPhone = "UIInterfaceOrientationPortrait UIInterfaceOrientationLandscapeLeft UIInterfaceOrientationLandscapeRight";
				IPHONEOS_DEPLOYMENT_TARGET = 15.1;
				LD_RUNPATH_SEARCH_PATHS = (
					"$(inherited)",
					"@executable_path/Frameworks",
				);
				MARKETING_VERSION = 1.0;
				PRODUCT_BUNDLE_IDENTIFIER = "com.rozerinyigit.Birthday-Reminder";
				PRODUCT_NAME = "$(TARGET_NAME)";
				SWIFT_EMIT_LOC_STRINGS = YES;
				SWIFT_VERSION = 5.0;
				TARGETED_DEVICE_FAMILY = "1,2";
			};
			name = Release;
		};
/* End XCBuildConfiguration section */

/* Begin XCConfigurationList section */
		F4DA407B27C56D72006F8964 /* Build configuration list for PBXProject "Birthday Reminder" */ = {
			isa = XCConfigurationList;
			buildConfigurations = (
				F4DA409527C56D72006F8964 /* Debug */,
				F4DA409627C56D72006F8964 /* Release */,
			);
			defaultConfigurationIsVisible = 0;
			defaultConfigurationName = Release;
		};
		F4DA409727C56D72006F8964 /* Build configuration list for PBXNativeTarget "Birthday Reminder" */ = {
			isa = XCConfigurationList;
			buildConfigurations = (
				F4DA409827C56D72006F8964 /* Debug */,
				F4DA409927C56D72006F8964 /* Release */,
			);
			defaultConfigurationIsVisible = 0;
			defaultConfigurationName = Release;
		};
/* End XCConfigurationList section */

/* Begin XCVersionGroup section */
		F4DA408C27C56D72006F8964 /* Birthday_Reminder.xcdatamodeld */ = {
			isa = XCVersionGroup;
			children = (
				F4DA408D27C56D72006F8964 /* Birthday_Reminder.xcdatamodel */,
			);
			currentVersion = F4DA408D27C56D72006F8964 /* Birthday_Reminder.xcdatamodel */;
			path = Birthday_Reminder.xcdatamodeld;
			sourceTree = "<group>";
			versionGroupType = wrapper.xcdatamodel;
		};
/* End XCVersionGroup section */
	};
	rootObject = F4DA407827C56D72006F8964 /* Project object */;
}
